
Microsoft Visual Studio Solution File, Format Version 12.00
# Visual Studio 2012
Project("{FAE04EC0-301F-11D3-BF4B-00C04F79EFBC}") = "Craftitude.Server", "Craftitude.Server.csproj", "{8A7B2D97-26C1-4CED-8A62-37BDD2B16195}"
EndProject
Project("{2150E333-8FDC-42A3-9474-1A3956D46DE8}") = "Libraries", "Libraries", "{1EB773E2-B8B6-40B4-A7D1-7B0C27071997}"
EndProject
Project("{FAE04EC0-301F-11D3-BF4B-00C04F79EFBC}") = "SharpCompress", "dependencies\sharpcompress\SharpCompress\SharpCompress.csproj", "{10A689CF-76A2-4A4F-96E4-553C33398438}"
EndProject
Project("{FAE04EC0-301F-11D3-BF4B-00C04F79EFBC}") = "Abstract.Net4", "dependencies\yaml\Abstract\Abstract.Net4.csproj", "{74CF1BDC-74B0-4B96-A2B5-A8A89A57295E}"
EndProject
Project("{FAE04EC0-301F-11D3-BF4B-00C04F79EFBC}") = "Core.Net4", "dependencies\yaml\Core\Core.Net4.csproj", "{F9E90814-289A-4244-AB47-8ACC29A03B07}"
EndProject
Project("{2150E333-8FDC-42A3-9474-1A3956D46DE8}") = "YAML", "YAML", "{396CF540-6FB2-4CE6-9CA9-0F556AC1B4BF}"
EndProject
Project("{2150E333-8FDC-42A3-9474-1A3956D46DE8}") = "SharpCompress", "SharpCompress", "{18C9B281-E16B-4EE6-AC6C-4E9711472078}"
EndProject
Global
	GlobalSection(SolutionConfigurationPlatforms) = preSolution
		Debug|Any CPU = Debug|Any CPU
		Release|Any CPU = Release|Any CPU
	EndGlobalSection
	GlobalSection(ProjectConfigurationPlatforms) = postSolution
		{8A7B2D97-26C1-4CED-8A62-37BDD2B16195}.Debug|Any CPU.ActiveCfg = Debug|Any CPU
		{8A7B2D97-26C1-4CED-8A62-37BDD2B16195}.Debug|Any CPU.Build.0 = Debug|Any CPU
		{8A7B2D97-26C1-4CED-8A62-37BDD2B16195}.Release|Any CPU.ActiveCfg = Release|Any CPU
		{8A7B2D97-26C1-4CED-8A62-37BDD2B16195}.Release|Any CPU.Build.0 = Release|Any CPU
		{10A689CF-76A2-4A4F-96E4-553C33398438}.Debug|Any CPU.ActiveCfg = Debug|Any CPU
		{10A689CF-76A2-4A4F-96E4-553C33398438}.Debug|Any CPU.Build.0 = Debug|Any CPU
		{10A689CF-76A2-4A4F-96E4-553C33398438}.Release|Any CPU.ActiveCfg = Release|Any CPU
		{10A689CF-76A2-4A4F-96E4-553C33398438}.Release|Any CPU.Build.0 = Release|Any CPU
		{74CF1BDC-74B0-4B96-A2B5-A8A89A57295E}.Debug|Any CPU.ActiveCfg = Debug|Any CPU
		{74CF1BDC-74B0-4B96-A2B5-A8A89A57295E}.Debug|Any CPU.Build.0 = Debug|Any CPU
		{74CF1BDC-74B0-4B96-A2B5-A8A89A57295E}.Release|Any CPU.ActiveCfg = Release|Any CPU
		{74CF1BDC-74B0-4B96-A2B5-A8A89A57295E}.Release|Any CPU.Build.0 = Release|Any CPU
		{F9E90814-289A-4244-AB47-8ACC29A03B07}.Debug|Any CPU.ActiveCfg = Debug|Any CPU
		{F9E90814-289A-4244-AB47-8ACC29A03B07}.Debug|Any CPU.Build.0 = Debug|Any CPU
		{F9E90814-289A-4244-AB47-8ACC29A03B07}.Release|Any CPU.ActiveCfg = Release|Any CPU
		{F9E90814-289A-4244-AB47-8ACC29A03B07}.Release|Any CPU.Build.0 = Release|Any CPU
	EndGlobalSection
	GlobalSection(SolutionProperties) = preSolution
		HideSolutionNode = FALSE
	EndGlobalSection
	GlobalSection(NestedProjects) = preSolution
		{396CF540-6FB2-4CE6-9CA9-0F556AC1B4BF} = {1EB773E2-B8B6-40B4-A7D1-7B0C27071997}
		{18C9B281-E16B-4EE6-AC6C-4E9711472078} = {1EB773E2-B8B6-40B4-A7D1-7B0C27071997}
		{74CF1BDC-74B0-4B96-A2B5-A8A89A57295E} = {396CF540-6FB2-4CE6-9CA9-0F556AC1B4BF}
		{F9E90814-289A-4244-AB47-8ACC29A03B07} = {396CF540-6FB2-4CE6-9CA9-0F556AC1B4BF}
		{10A689CF-76A2-4A4F-96E4-553C33398438} = {18C9B281-E16B-4EE6-AC6C-4E9711472078}
	EndGlobalSection
EndGlobal
